// !$*UTF8*$!
{
	archiveVersion = 1;
	classes = {
	};
	objectVersion = 56;
	objects = {

/* Begin PBXBuildFile section */
		3845ED3E2BF8E7760030E054 /* AppDelegate.swift in Sources */ = {isa = PBXBuildFile; fileRef = 3845ED3D2BF8E7760030E054 /* AppDelegate.swift */; };
		3845ED402BF8E7760030E054 /* SceneDelegate.swift in Sources */ = {isa = PBXBuildFile; fileRef = 3845ED3F2BF8E7760030E054 /* SceneDelegate.swift */; };
		3845ED422BF8E7760030E054 /* ViewController.swift in Sources */ = {isa = PBXBuildFile; fileRef = 3845ED412BF8E7760030E054 /* ViewController.swift */; };
		3845ED452BF8E7760030E054 /* Base in Resources */ = {isa = PBXBuildFile; fileRef = 3845ED442BF8E7760030E054 /* Base */; };
		3845ED472BF8E7770030E054 /* Assets.xcassets in Resources */ = {isa = PBXBuildFile; fileRef = 3845ED462BF8E7770030E054 /* Assets.xcassets */; };
		3845ED4A2BF8E7770030E054 /* Base in Resources */ = {isa = PBXBuildFile; fileRef = 3845ED492BF8E7770030E054 /* Base */; };
		3845ED552BF8E7770030E054 /* ios_sign_up_pageTests.swift in Sources */ = {isa = PBXBuildFile; fileRef = 3845ED542BF8E7770030E054 /* ios_sign_up_pageTests.swift */; };
		3845ED5F2BF8E7770030E054 /* ios_sign_up_pageUITests.swift in Sources */ = {isa = PBXBuildFile; fileRef = 3845ED5E2BF8E7770030E054 /* ios_sign_up_pageUITests.swift */; };
		3845ED612BF8E7770030E054 /* ios_sign_up_pageUITestsLaunchTests.swift in Sources */ = {isa = PBXBuildFile; fileRef = 3845ED602BF8E7770030E054 /* ios_sign_up_pageUITestsLaunchTests.swift */; };
		3845ED6E2BF919260030E054 /* CustomTextField.swift in Sources */ = {isa = PBXBuildFile; fileRef = 3845ED6D2BF919260030E054 /* CustomTextField.swift */; };
		3845ED702BF91ECA0030E054 /* SignUpButton.swift in Sources */ = {isa = PBXBuildFile; fileRef = 3845ED6F2BF91EC90030E054 /* SignUpButton.swift */; };
/* End PBXBuildFile section */

/* Begin PBXContainerItemProxy section */
		3845ED512BF8E7770030E054 /* PBXContainerItemProxy */ = {
			isa = PBXContainerItemProxy;
			containerPortal = 3845ED322BF8E7760030E054 /* Project object */;
			proxyType = 1;
			remoteGlobalIDString = 3845ED392BF8E7760030E054;
			remoteInfo = "ios-sign-up-page";
		};
		3845ED5B2BF8E7770030E054 /* PBXContainerItemProxy */ = {
			isa = PBXContainerItemProxy;
			containerPortal = 3845ED322BF8E7760030E054 /* Project object */;
			proxyType = 1;
			remoteGlobalIDString = 3845ED392BF8E7760030E054;
			remoteInfo = "ios-sign-up-page";
		};
/* End PBXContainerItemProxy section */

/* Begin PBXFileReference section */
		3845ED3A2BF8E7760030E054 /* ios-sign-up-page.app */ = {isa = PBXFileReference; explicitFileType = wrapper.application; includeInIndex = 0; path = "ios-sign-up-page.app"; sourceTree = BUILT_PRODUCTS_DIR; };
		3845ED3D2BF8E7760030E054 /* AppDelegate.swift */ = {isa = PBXFileReference; lastKnownFileType = sourcecode.swift; path = AppDelegate.swift; sourceTree = "<group>"; };
		3845ED3F2BF8E7760030E054 /* SceneDelegate.swift */ = {isa = PBXFileReference; lastKnownFileType = sourcecode.swift; path = SceneDelegate.swift; sourceTree = "<group>"; };
		3845ED412BF8E7760030E054 /* ViewController.swift */ = {isa = PBXFileReference; lastKnownFileType = sourcecode.swift; path = ViewController.swift; sourceTree = "<group>"; };
		3845ED442BF8E7760030E054 /* Base */ = {isa = PBXFileReference; lastKnownFileType = file.storyboard; name = Base; path = Base.lproj/Main.storyboard; sourceTree = "<group>"; };
		3845ED462BF8E7770030E054 /* Assets.xcassets */ = {isa = PBXFileReference; lastKnownFileType = folder.assetcatalog; path = Assets.xcassets; sourceTree = "<group>"; };
		3845ED492BF8E7770030E054 /* Base */ = {isa = PBXFileReference; lastKnownFileType = file.storyboard; name = Base; path = Base.lproj/LaunchScreen.storyboard; sourceTree = "<group>"; };
		3845ED4B2BF8E7770030E054 /* Info.plist */ = {isa = PBXFileReference; lastKnownFileType = text.plist.xml; path = Info.plist; sourceTree = "<group>"; };
		3845ED502BF8E7770030E054 /* ios-sign-up-pageTests.xctest */ = {isa = PBXFileReference; explicitFileType = wrapper.cfbundle; includeInIndex = 0; path = "ios-sign-up-pageTests.xctest"; sourceTree = BUILT_PRODUCTS_DIR; };
		3845ED542BF8E7770030E054 /* ios_sign_up_pageTests.swift */ = {isa = PBXFileReference; lastKnownFileType = sourcecode.swift; path = ios_sign_up_pageTests.swift; sourceTree = "<group>"; };
		3845ED5A2BF8E7770030E054 /* ios-sign-up-pageUITests.xctest */ = {isa = PBXFileReference; explicitFileType = wrapper.cfbundle; includeInIndex = 0; path = "ios-sign-up-pageUITests.xctest"; sourceTree = BUILT_PRODUCTS_DIR; };
		3845ED5E2BF8E7770030E054 /* ios_sign_up_pageUITests.swift */ = {isa = PBXFileReference; lastKnownFileType = sourcecode.swift; path = ios_sign_up_pageUITests.swift; sourceTree = "<group>"; };
		3845ED602BF8E7770030E054 /* ios_sign_up_pageUITestsLaunchTests.swift */ = {isa = PBXFileReference; lastKnownFileType = sourcecode.swift; path = ios_sign_up_pageUITestsLaunchTests.swift; sourceTree = "<group>"; };
		3845ED6D2BF919260030E054 /* CustomTextField.swift */ = {isa = PBXFileReference; lastKnownFileType = sourcecode.swift; path = CustomTextField.swift; sourceTree = "<group>"; };
		3845ED6F2BF91EC90030E054 /* SignUpButton.swift */ = {isa = PBXFileReference; lastKnownFileType = sourcecode.swift; name = SignUpButton.swift; path = Assets.xcassets/SignUpButton.swift; sourceTree = "<group>"; };
/* End PBXFileReference section */

/* Begin PBXFrameworksBuildPhase section */
		3845ED372BF8E7760030E054 /* Frameworks */ = {
			isa = PBXFrameworksBuildPhase;
			buildActionMask = 2147483647;
			files = (
			);
			runOnlyForDeploymentPostprocessing = 0;
		};
		3845ED4D2BF8E7770030E054 /* Frameworks */ = {
			isa = PBXFrameworksBuildPhase;
			buildActionMask = 2147483647;
			files = (
			);
			runOnlyForDeploymentPostprocessing = 0;
		};
		3845ED572BF8E7770030E054 /* Frameworks */ = {
			isa = PBXFrameworksBuildPhase;
			buildActionMask = 2147483647;
			files = (
			);
			runOnlyForDeploymentPostprocessing = 0;
		};
/* End PBXFrameworksBuildPhase section */

/* Begin PBXGroup section */
		3845ED312BF8E7760030E054 = {
			isa = PBXGroup;
			children = (
				3845ED3C2BF8E7760030E054 /* ios-sign-up-page */,
				3845ED532BF8E7770030E054 /* ios-sign-up-pageTests */,
				3845ED5D2BF8E7770030E054 /* ios-sign-up-pageUITests */,
				3845ED3B2BF8E7760030E054 /* Products */,
			);
			sourceTree = "<group>";
		};
		3845ED3B2BF8E7760030E054 /* Products */ = {
			isa = PBXGroup;
			children = (
				3845ED3A2BF8E7760030E054 /* ios-sign-up-page.app */,
				3845ED502BF8E7770030E054 /* ios-sign-up-pageTests.xctest */,
				3845ED5A2BF8E7770030E054 /* ios-sign-up-pageUITests.xctest */,
			);
			name = Products;
			sourceTree = "<group>";
		};
		3845ED3C2BF8E7760030E054 /* ios-sign-up-page */ = {
			isa = PBXGroup;
			children = (
				3845ED3D2BF8E7760030E054 /* AppDelegate.swift */,
				3845ED3F2BF8E7760030E054 /* SceneDelegate.swift */,
				3845ED412BF8E7760030E054 /* ViewController.swift */,
				3845ED432BF8E7760030E054 /* Main.storyboard */,
				3845ED6F2BF91EC90030E054 /* SignUpButton.swift */,
				3845ED6D2BF919260030E054 /* CustomTextField.swift */,
				3845ED462BF8E7770030E054 /* Assets.xcassets */,
				3845ED482BF8E7770030E054 /* LaunchScreen.storyboard */,
				3845ED4B2BF8E7770030E054 /* Info.plist */,
			);
			path = "ios-sign-up-page";
			sourceTree = "<group>";
		};
		3845ED532BF8E7770030E054 /* ios-sign-up-pageTests */ = {
			isa = PBXGroup;
			children = (
				3845ED542BF8E7770030E054 /* ios_sign_up_pageTests.swift */,
			);
			path = "ios-sign-up-pageTests";
			sourceTree = "<group>";
		};
		3845ED5D2BF8E7770030E054 /* ios-sign-up-pageUITests */ = {
			isa = PBXGroup;
			children = (
				3845ED5E2BF8E7770030E054 /* ios_sign_up_pageUITests.swift */,
				3845ED602BF8E7770030E054 /* ios_sign_up_pageUITestsLaunchTests.swift */,
			);
			path = "ios-sign-up-pageUITests";
			sourceTree = "<group>";
		};
/* End PBXGroup section */

/* Begin PBXNativeTarget section */
		3845ED392BF8E7760030E054 /* ios-sign-up-page */ = {
			isa = PBXNativeTarget;
			buildConfigurationList = 3845ED642BF8E7770030E054 /* Build configuration list for PBXNativeTarget "ios-sign-up-page" */;
			buildPhases = (
				3845ED362BF8E7760030E054 /* Sources */,
				3845ED372BF8E7760030E054 /* Frameworks */,
				3845ED382BF8E7760030E054 /* Resources */,
			);
			buildRules = (
			);
			dependencies = (
			);
			name = "ios-sign-up-page";
			productName = "ios-sign-up-page";
			productReference = 3845ED3A2BF8E7760030E054 /* ios-sign-up-page.app */;
			productType = "com.apple.product-type.application";
		};
		3845ED4F2BF8E7770030E054 /* ios-sign-up-pageTests */ = {
			isa = PBXNativeTarget;
			buildConfigurationList = 3845ED672BF8E7770030E054 /* Build configuration list for PBXNativeTarget "ios-sign-up-pageTests" */;
			buildPhases = (
				3845ED4C2BF8E7770030E054 /* Sources */,
				3845ED4D2BF8E7770030E054 /* Frameworks */,
				3845ED4E2BF8E7770030E054 /* Resources */,
			);
			buildRules = (
			);
			dependencies = (
				3845ED522BF8E7770030E054 /* PBXTargetDependency */,
			);
			name = "ios-sign-up-pageTests";
			productName = "ios-sign-up-pageTests";
			productReference = 3845ED502BF8E7770030E054 /* ios-sign-up-pageTests.xctest */;
			productType = "com.apple.product-type.bundle.unit-test";
		};
		3845ED592BF8E7770030E054 /* ios-sign-up-pageUITests */ = {
			isa = PBXNativeTarget;
			buildConfigurationList = 3845ED6A2BF8E7770030E054 /* Build configuration list for PBXNativeTarget "ios-sign-up-pageUITests" */;
			buildPhases = (
				3845ED562BF8E7770030E054 /* Sources */,
				3845ED572BF8E7770030E054 /* Frameworks */,
				3845ED582BF8E7770030E054 /* Resources */,
			);
			buildRules = (
			);
			dependencies = (
				3845ED5C2BF8E7770030E054 /* PBXTargetDependency */,
			);
			name = "ios-sign-up-pageUITests";
			productName = "ios-sign-up-pageUITests";
			productReference = 3845ED5A2BF8E7770030E054 /* ios-sign-up-pageUITests.xctest */;
			productType = "com.apple.product-type.bundle.ui-testing";
		};
/* End PBXNativeTarget section */

/* Begin PBXProject section */
		3845ED322BF8E7760030E054 /* Project object */ = {
			isa = PBXProject;
			attributes = {
				BuildIndependentTargetsInParallel = 1;
				LastSwiftUpdateCheck = 1530;
				LastUpgradeCheck = 1530;
				TargetAttributes = {
					3845ED392BF8E7760030E054 = {
						CreatedOnToolsVersion = 15.3;
					};
					3845ED4F2BF8E7770030E054 = {
						CreatedOnToolsVersion = 15.3;
						TestTargetID = 3845ED392BF8E7760030E054;
					};
					3845ED592BF8E7770030E054 = {
						CreatedOnToolsVersion = 15.3;
						TestTargetID = 3845ED392BF8E7760030E054;
					};
				};
			};
			buildConfigurationList = 3845ED352BF8E7760030E054 /* Build configuration list for PBXProject "ios-sign-up-page" */;
			compatibilityVersion = "Xcode 14.0";
			developmentRegion = en;
			hasScannedForEncodings = 0;
			knownRegions = (
				en,
				Base,
			);
			mainGroup = 3845ED312BF8E7760030E054;
			productRefGroup = 3845ED3B2BF8E7760030E054 /* Products */;
			projectDirPath = "";
			projectRoot = "";
			targets = (
				3845ED392BF8E7760030E054 /* ios-sign-up-page */,
				3845ED4F2BF8E7770030E054 /* ios-sign-up-pageTests */,
				3845ED592BF8E7770030E054 /* ios-sign-up-pageUITests */,
			);
		};
/* End PBXProject section */

/* Begin PBXResourcesBuildPhase section */
		3845ED382BF8E7760030E054 /* Resources */ = {
			isa = PBXResourcesBuildPhase;
			buildActionMask = 2147483647;
			files = (
				3845ED472BF8E7770030E054 /* Assets.xcassets in Resources */,
				3845ED4A2BF8E7770030E054 /* Base in Resources */,
				3845ED452BF8E7760030E054 /* Base in Resources */,
			);
			runOnlyForDeploymentPostprocessing = 0;
		};
		3845ED4E2BF8E7770030E054 /* Resources */ = {
			isa = PBXResourcesBuildPhase;
			buildActionMask = 2147483647;
			files = (
			);
			runOnlyForDeploymentPostprocessing = 0;
		};
		3845ED582BF8E7770030E054 /* Resources */ = {
			isa = PBXResourcesBuildPhase;
			buildActionMask = 2147483647;
			files = (
			);
			runOnlyForDeploymentPostprocessing = 0;
		};
/* End PBXResourcesBuildPhase section */

/* Begin PBXSourcesBuildPhase section */
		3845ED362BF8E7760030E054 /* Sources */ = {
			isa = PBXSourcesBuildPhase;
			buildActionMask = 2147483647;
			files = (
				3845ED6E2BF919260030E054 /* CustomTextField.swift in Sources */,
				3845ED422BF8E7760030E054 /* ViewController.swift in Sources */,
				3845ED3E2BF8E7760030E054 /* AppDelegate.swift in Sources */,
				3845ED402BF8E7760030E054 /* SceneDelegate.swift in Sources */,
				3845ED702BF91ECA0030E054 /* SignUpButton.swift in Sources */,
			);
			runOnlyForDeploymentPostprocessing = 0;
		};
		3845ED4C2BF8E7770030E054 /* Sources */ = {
			isa = PBXSourcesBuildPhase;
			buildActionMask = 2147483647;
			files = (
				3845ED552BF8E7770030E054 /* ios_sign_up_pageTests.swift in Sources */,
			);
			runOnlyForDeploymentPostprocessing = 0;
		};
		3845ED562BF8E7770030E054 /* Sources */ = {
			isa = PBXSourcesBuildPhase;
			buildActionMask = 2147483647;
			files = (
				3845ED5F2BF8E7770030E054 /* ios_sign_up_pageUITests.swift in Sources */,
				3845ED612BF8E7770030E054 /* ios_sign_up_pageUITestsLaunchTests.swift in Sources */,
			);
			runOnlyForDeploymentPostprocessing = 0;
		};
/* End PBXSourcesBuildPhase section */

/* Begin PBXTargetDependency section */
		3845ED522BF8E7770030E054 /* PBXTargetDependency */ = {
			isa = PBXTargetDependency;
			target = 3845ED392BF8E7760030E054 /* ios-sign-up-page */;
			targetProxy = 3845ED512BF8E7770030E054 /* PBXContainerItemProxy */;
		};
		3845ED5C2BF8E7770030E054 /* PBXTargetDependency */ = {
			isa = PBXTargetDependency;
			target = 3845ED392BF8E7760030E054 /* ios-sign-up-page */;
			targetProxy = 3845ED5B2BF8E7770030E054 /* PBXContainerItemProxy */;
		};
/* End PBXTargetDependency section */

/* Begin PBXVariantGroup section */
		3845ED432BF8E7760030E054 /* Main.storyboard */ = {
			isa = PBXVariantGroup;
			children = (
				3845ED442BF8E7760030E054 /* Base */,
			);
			name = Main.storyboard;
			sourceTree = "<group>";
		};
		3845ED482BF8E7770030E054 /* LaunchScreen.storyboard */ = {
			isa = PBXVariantGroup;
			children = (
				3845ED492BF8E7770030E054 /* Base */,
			);
			name = LaunchScreen.storyboard;
			sourceTree = "<group>";
		};
/* End PBXVariantGroup section */

/* Begin XCBuildConfiguration section */
		3845ED622BF8E7770030E054 /* Debug */ = {
			isa = XCBuildConfiguration;
			buildSettings = {
				ALWAYS_SEARCH_USER_PATHS = NO;
				ASSETCATALOG_COMPILER_GENERATE_SWIFT_ASSET_SYMBOL_EXTENSIONS = YES;
				CLANG_ANALYZER_NONNULL = YES;
				CLANG_ANALYZER_NUMBER_OBJECT_CONVERSION = YES_AGGRESSIVE;
				CLANG_CXX_LANGUAGE_STANDARD = "gnu++20";
				CLANG_ENABLE_MODULES = YES;
				CLANG_ENABLE_OBJC_ARC = YES;
				CLANG_ENABLE_OBJC_WEAK = YES;
				CLANG_WARN_BLOCK_CAPTURE_AUTORELEASING = YES;
				CLANG_WARN_BOOL_CONVERSION = YES;
				CLANG_WARN_COMMA = YES;
				CLANG_WARN_CONSTANT_CONVERSION = YES;
				CLANG_WARN_DEPRECATED_OBJC_IMPLEMENTATIONS = YES;
				CLANG_WARN_DIRECT_OBJC_ISA_USAGE = YES_ERROR;
				CLANG_WARN_DOCUMENTATION_COMMENTS = YES;
				CLANG_WARN_EMPTY_BODY = YES;
				CLANG_WARN_ENUM_CONVERSION = YES;
				CLANG_WARN_INFINITE_RECURSION = YES;
				CLANG_WARN_INT_CONVERSION = YES;
				CLANG_WARN_NON_LITERAL_NULL_CONVERSION = YES;
				CLANG_WARN_OBJC_IMPLICIT_RETAIN_SELF = YES;
				CLANG_WARN_OBJC_LITERAL_CONVERSION = YES;
				CLANG_WARN_OBJC_ROOT_CLASS = YES_ERROR;
				CLANG_WARN_QUOTED_INCLUDE_IN_FRAMEWORK_HEADER = YES;
				CLANG_WARN_RANGE_LOOP_ANALYSIS = YES;
				CLANG_WARN_STRICT_PROTOTYPES = YES;
				CLANG_WARN_SUSPICIOUS_MOVE = YES;
				CLANG_WARN_UNGUARDED_AVAILABILITY = YES_AGGRESSIVE;
				CLANG_WARN_UNREACHABLE_CODE = YES;
				CLANG_WARN__DUPLICATE_METHOD_MATCH = YES;
				COPY_PHASE_STRIP = NO;
				DEBUG_INFORMATION_FORMAT = dwarf;
				ENABLE_STRICT_OBJC_MSGSEND = YES;
				ENABLE_TESTABILITY = YES;
				ENABLE_USER_SCRIPT_SANDBOXING = YES;
				GCC_C_LANGUAGE_STANDARD = gnu17;
				GCC_DYNAMIC_NO_PIC = NO;
				GCC_NO_COMMON_BLOCKS = YES;
				GCC_OPTIMIZATION_LEVEL = 0;
				GCC_PREPROCESSOR_DEFINITIONS = (
					"DEBUG=1",
					"$(inherited)",
				);
				GCC_WARN_64_TO_32_BIT_CONVERSION = YES;
				GCC_WARN_ABOUT_RETURN_TYPE = YES_ERROR;
				GCC_WARN_UNDECLARED_SELECTOR = YES;
				GCC_WARN_UNINITIALIZED_AUTOS = YES_AGGRESSIVE;
				GCC_WARN_UNUSED_FUNCTION = YES;
				GCC_WARN_UNUSED_VARIABLE = YES;
				IPHONEOS_DEPLOYMENT_TARGET = 17.4;
				LOCALIZATION_PREFERS_STRING_CATALOGS = YES;
				MTL_ENABLE_DEBUG_INFO = INCLUDE_SOURCE;
				MTL_FAST_MATH = YES;
				ONLY_ACTIVE_ARCH = YES;
				SDKROOT = iphoneos;
				SWIFT_ACTIVE_COMPILATION_CONDITIONS = "DEBUG $(inherited)";
				SWIFT_OPTIMIZATION_LEVEL = "-Onone";
			};
			name = Debug;
		};
		3845ED632BF8E7770030E054 /* Release */ = {
			isa = XCBuildConfiguration;
			buildSettings = {
				ALWAYS_SEARCH_USER_PATHS = NO;
				ASSETCATALOG_COMPILER_GENERATE_SWIFT_ASSET_SYMBOL_EXTENSIONS = YES;
				CLANG_ANALYZER_NONNULL = YES;
				CLANG_ANALYZER_NUMBER_OBJECT_CONVERSION = YES_AGGRESSIVE;
				CLANG_CXX_LANGUAGE_STANDARD = "gnu++20";
				CLANG_ENABLE_MODULES = YES;
				CLANG_ENABLE_OBJC_ARC = YES;
				CLANG_ENABLE_OBJC_WEAK = YES;
				CLANG_WARN_BLOCK_CAPTURE_AUTORELEASING = YES;
				CLANG_WARN_BOOL_CONVERSION = YES;
				CLANG_WARN_COMMA = YES;
				CLANG_WARN_CONSTANT_CONVERSION = YES;
				CLANG_WARN_DEPRECATED_OBJC_IMPLEMENTATIONS = YES;
				CLANG_WARN_DIRECT_OBJC_ISA_USAGE = YES_ERROR;
				CLANG_WARN_DOCUMENTATION_COMMENTS = YES;
				CLANG_WARN_EMPTY_BODY = YES;
				CLANG_WARN_ENUM_CONVERSION = YES;
				CLANG_WARN_INFINITE_RECURSION = YES;
				CLANG_WARN_INT_CONVERSION = YES;
				CLANG_WARN_NON_LITERAL_NULL_CONVERSION = YES;
				CLANG_WARN_OBJC_IMPLICIT_RETAIN_SELF = YES;
				CLANG_WARN_OBJC_LITERAL_CONVERSION = YES;
				CLANG_WARN_OBJC_ROOT_CLASS = YES_ERROR;
				CLANG_WARN_QUOTED_INCLUDE_IN_FRAMEWORK_HEADER = YES;
				CLANG_WARN_RANGE_LOOP_ANALYSIS = YES;
				CLANG_WARN_STRICT_PROTOTYPES = YES;
				CLANG_WARN_SUSPICIOUS_MOVE = YES;
				CLANG_WARN_UNGUARDED_AVAILABILITY = YES_AGGRESSIVE;
				CLANG_WARN_UNREACHABLE_CODE = YES;
				CLANG_WARN__DUPLICATE_METHOD_MATCH = YES;
				COPY_PHASE_STRIP = NO;
				DEBUG_INFORMATION_FORMAT = "dwarf-with-dsym";
				ENABLE_NS_ASSERTIONS = NO;
				ENABLE_STRICT_OBJC_MSGSEND = YES;
				ENABLE_USER_SCRIPT_SANDBOXING = YES;
				GCC_C_LANGUAGE_STANDARD = gnu17;
				GCC_NO_COMMON_BLOCKS = YES;
				GCC_WARN_64_TO_32_BIT_CONVERSION = YES;
				GCC_WARN_ABOUT_RETURN_TYPE = YES_ERROR;
				GCC_WARN_UNDECLARED_SELECTOR = YES;
				GCC_WARN_UNINITIALIZED_AUTOS = YES_AGGRESSIVE;
				GCC_WARN_UNUSED_FUNCTION = YES;
				GCC_WARN_UNUSED_VARIABLE = YES;
				IPHONEOS_DEPLOYMENT_TARGET = 17.4;
				LOCALIZATION_PREFERS_STRING_CATALOGS = YES;
				MTL_ENABLE_DEBUG_INFO = NO;
				MTL_FAST_MATH = YES;
				SDKROOT = iphoneos;
				SWIFT_COMPILATION_MODE = wholemodule;
				VALIDATE_PRODUCT = YES;
			};
			name = Release;
		};
		3845ED652BF8E7770030E054 /* Debug */ = {
			isa = XCBuildConfiguration;
			buildSettings = {
				ASSETCATALOG_COMPILER_APPICON_NAME = AppIcon;
				ASSETCATALOG_COMPILER_GLOBAL_ACCENT_COLOR_NAME = AccentColor;
				CODE_SIGN_STYLE = Automatic;
				CURRENT_PROJECT_VERSION = 1;
				GENERATE_INFOPLIST_FILE = YES;
				INFOPLIST_FILE = "ios-sign-up-page/Info.plist";
				INFOPLIST_KEY_UIApplicationSupportsIndirectInputEvents = YES;
				INFOPLIST_KEY_UILaunchStoryboardName = LaunchScreen;
				INFOPLIST_KEY_UIMainStoryboardFile = Main;
				INFOPLIST_KEY_UISupportedInterfaceOrientations_iPad = "UIInterfaceOrientationPortrait UIInterfaceOrientationPortraitUpsideDown UIInterfaceOrientationLandscapeLeft UIInterfaceOrientationLandscapeRight";
				INFOPLIST_KEY_UISupportedInterfaceOrientations_iPhone = "UIInterfaceOrientationPortrait UIInterfaceOrientationLandscapeLeft UIInterfaceOrientationLandscapeRight";
				LD_RUNPATH_SEARCH_PATHS = (
					"$(inherited)",
					"@executable_path/Frameworks",
				);
				MARKETING_VERSION = 1.0;
				PRODUCT_BUNDLE_IDENTIFIER = "com.sahil.ios-sign-up-page";
				PRODUCT_NAME = "$(TARGET_NAME)";
				SWIFT_EMIT_LOC_STRINGS = YES;
				SWIFT_VERSION = 5.0;
				TARGETED_DEVICE_FAMILY = "1,2";
			};
			name = Debug;
		};
		3845ED662BF8E7770030E054 /* Release */ = {
			isa = XCBuildConfiguration;
			buildSettings = {
				ASSETCATALOG_COMPILER_APPICON_NAME = AppIcon;
				ASSETCATALOG_COMPILER_GLOBAL_ACCENT_COLOR_NAME = AccentColor;
				CODE_SIGN_STYLE = Automatic;
				CURRENT_PROJECT_VERSION = 1;
				GENERATE_INFOPLIST_FILE = YES;
				INFOPLIST_FILE = "ios-sign-up-page/Info.plist";
				INFOPLIST_KEY_UIApplicationSupportsIndirectInputEvents = YES;
				INFOPLIST_KEY_UILaunchStoryboardName = LaunchScreen;
				INFOPLIST_KEY_UIMainStoryboardFile = Main;
				INFOPLIST_KEY_UISupportedInterfaceOrientations_iPad = "UIInterfaceOrientationPortrait UIInterfaceOrientationPortraitUpsideDown UIInterfaceOrientationLandscapeLeft UIInterfaceOrientationLandscapeRight";
				INFOPLIST_KEY_UISupportedInterfaceOrientations_iPhone = "UIInterfaceOrientationPortrait UIInterfaceOrientationLandscapeLeft UIInterfaceOrientationLandscapeRight";
				LD_RUNPATH_SEARCH_PATHS = (
					"$(inherited)",
					"@executable_path/Frameworks",
				);
				MARKETING_VERSION = 1.0;
				PRODUCT_BUNDLE_IDENTIFIER = "com.sahil.ios-sign-up-page";
				PRODUCT_NAME = "$(TARGET_NAME)";
				SWIFT_EMIT_LOC_STRINGS = YES;
				SWIFT_VERSION = 5.0;
				TARGETED_DEVICE_FAMILY = "1,2";
			};
			name = Release;
		};
		3845ED682BF8E7770030E054 /* Debug */ = {
			isa = XCBuildConfiguration;
			buildSettings = {
				ALWAYS_EMBED_SWIFT_STANDARD_LIBRARIES = YES;
				BUNDLE_LOADER = "$(TEST_HOST)";
				CODE_SIGN_STYLE = Automatic;
				CURRENT_PROJECT_VERSION = 1;
				GENERATE_INFOPLIST_FILE = YES;
				IPHONEOS_DEPLOYMENT_TARGET = 17.4;
				MARKETING_VERSION = 1.0;
				PRODUCT_BUNDLE_IDENTIFIER = "com.sahil.ios-sign-up-pageTests";
				PRODUCT_NAME = "$(TARGET_NAME)";
				SWIFT_EMIT_LOC_STRINGS = NO;
				SWIFT_VERSION = 5.0;
				TARGETED_DEVICE_FAMILY = "1,2";
				TEST_HOST = "$(BUILT_PRODUCTS_DIR)/ios-sign-up-page.app/$(BUNDLE_EXECUTABLE_FOLDER_PATH)/ios-sign-up-page";
			};
			name = Debug;
		};
		3845ED692BF8E7770030E054 /* Release */ = {
			isa = XCBuildConfiguration;
			buildSettings = {
				ALWAYS_EMBED_SWIFT_STANDARD_LIBRARIES = YES;
				BUNDLE_LOADER = "$(TEST_HOST)";
				CODE_SIGN_STYLE = Automatic;
				CURRENT_PROJECT_VERSION = 1;
				GENERATE_INFOPLIST_FILE = YES;
				IPHONEOS_DEPLOYMENT_TARGET = 17.4;
				MARKETING_VERSION = 1.0;
				PRODUCT_BUNDLE_IDENTIFIER = "com.sahil.ios-sign-up-pageTests";
				PRODUCT_NAME = "$(TARGET_NAME)";
				SWIFT_EMIT_LOC_STRINGS = NO;
				SWIFT_VERSION = 5.0;
				TARGETED_DEVICE_FAMILY = "1,2";
				TEST_HOST = "$(BUILT_PRODUCTS_DIR)/ios-sign-up-page.app/$(BUNDLE_EXECUTABLE_FOLDER_PATH)/ios-sign-up-page";
			};
			name = Release;
		};
		3845ED6B2BF8E7770030E054 /* Debug */ = {
			isa = XCBuildConfiguration;
			buildSettings = {
				ALWAYS_EMBED_SWIFT_STANDARD_LIBRARIES = YES;
				CODE_SIGN_STYLE = Automatic;
				CURRENT_PROJECT_VERSION = 1;
				GENERATE_INFOPLIST_FILE = YES;
				MARKETING_VERSION = 1.0;
				PRODUCT_BUNDLE_IDENTIFIER = "com.sahil.ios-sign-up-pageUITests";
				PRODUCT_NAME = "$(TARGET_NAME)";
				SWIFT_EMIT_LOC_STRINGS = NO;
				SWIFT_VERSION = 5.0;
				TARGETED_DEVICE_FAMILY = "1,2";
				TEST_TARGET_NAME = "ios-sign-up-page";
			};
			name = Debug;
		};
		3845ED6C2BF8E7770030E054 /* Release */ = {
			isa = XCBuildConfiguration;
			buildSettings = {
				ALWAYS_EMBED_SWIFT_STANDARD_LIBRARIES = YES;
				CODE_SIGN_STYLE = Automatic;
				CURRENT_PROJECT_VERSION = 1;
				GENERATE_INFOPLIST_FILE = YES;
				MARKETING_VERSION = 1.0;
				PRODUCT_BUNDLE_IDENTIFIER = "com.sahil.ios-sign-up-pageUITests";
				PRODUCT_NAME = "$(TARGET_NAME)";
				SWIFT_EMIT_LOC_STRINGS = NO;
				SWIFT_VERSION = 5.0;
				TARGETED_DEVICE_FAMILY = "1,2";
				TEST_TARGET_NAME = "ios-sign-up-page";
			};
			name = Release;
		};
/* End XCBuildConfiguration section */

/* Begin XCConfigurationList section */
		3845ED352BF8E7760030E054 /* Build configuration list for PBXProject "ios-sign-up-page" */ = {
			isa = XCConfigurationList;
			buildConfigurations = (
				3845ED622BF8E7770030E054 /* Debug */,
				3845ED632BF8E7770030E054 /* Release */,
			);
			defaultConfigurationIsVisible = 0;
			defaultConfigurationName = Release;
		};
		3845ED642BF8E7770030E054 /* Build configuration list for PBXNativeTarget "ios-sign-up-page" */ = {
			isa = XCConfigurationList;
			buildConfigurations = (
				3845ED652BF8E7770030E054 /* Debug */,
				3845ED662BF8E7770030E054 /* Release */,
			);
			defaultConfigurationIsVisible = 0;
			defaultConfigurationName = Release;
		};
		3845ED672BF8E7770030E054 /* Build configuration list for PBXNativeTarget "ios-sign-up-pageTests" */ = {
			isa = XCConfigurationList;
			buildConfigurations = (
				3845ED682BF8E7770030E054 /* Debug */,
				3845ED692BF8E7770030E054 /* Release */,
			);
			defaultConfigurationIsVisible = 0;
			defaultConfigurationName = Release;
		};
		3845ED6A2BF8E7770030E054 /* Build configuration list for PBXNativeTarget "ios-sign-up-pageUITests" */ = {
			isa = XCConfigurationList;
			buildConfigurations = (
				3845ED6B2BF8E7770030E054 /* Debug */,
				3845ED6C2BF8E7770030E054 /* Release */,
			);
			defaultConfigurationIsVisible = 0;
			defaultConfigurationName = Release;
		};
/* End XCConfigurationList section */
	};
	rootObject = 3845ED322BF8E7760030E054 /* Project object */;
}
